
Microsoft Visual Studio Solution File, Format Version 12.00
# Visual Studio Version 17
VisualStudioVersion = 17.6.33829.357
MinimumVisualStudioVersion = 10.0.40219.1
Project("{FAE04EC0-301F-11D3-BF4B-00C04F79EFBC}") = "Programers", "Programers\Programers.csproj", "{2AC651AA-99A8-44EB-A73A-BC2FD6378858}"
EndProject
Global
	GlobalSection(SolutionConfigurationPlatforms) = preSolution
		Debug|Any CPU = Debug|Any CPU
		Release|Any CPU = Release|Any CPU
	EndGlobalSection
	GlobalSection(ProjectConfigurationPlatforms) = postSolution
		{2AC651AA-99A8-44EB-A73A-BC2FD6378858}.Debug|Any CPU.ActiveCfg = Debug|Any CPU
		{2AC651AA-99A8-44EB-A73A-BC2FD6378858}.Debug|Any CPU.Build.0 = Debug|Any CPU
		{2AC651AA-99A8-44EB-A73A-BC2FD6378858}.Release|Any CPU.ActiveCfg = Release|Any CPU
		{2AC651AA-99A8-44EB-A73A-BC2FD6378858}.Release|Any CPU.Build.0 = Release|Any CPU
	EndGlobalSection
	GlobalSection(SolutionProperties) = preSolution
		HideSolutionNode = FALSE
	EndGlobalSection
	GlobalSection(ExtensibilityGlobals) = postSolution
		SolutionGuid = {FC768E80-F952-4366-A506-4B1A7E900486}
	EndGlobalSection
EndGlobal
